
Microsoft Visual Studio Solution File, Format Version 12.00
# Visual Studio Version 17
VisualStudioVersion = 17.13.35825.156 d17.13
MinimumVisualStudioVersion = 10.0.40219.1
Project("{FAE04EC0-301F-11D3-BF4B-00C04F79EFBC}") = "ScalingProblemDemo", "ScalingProblemDemo.csproj", "{4BF8C073-B603-4AA9-AD3B-E1455782A5A3}"
EndProject
Global
	GlobalSection(SolutionConfigurationPlatforms) = preSolution
		Debug|Any CPU = Debug|Any CPU
		Release|Any CPU = Release|Any CPU
	EndGlobalSection
	GlobalSection(ProjectConfigurationPlatforms) = postSolution
		{4BF8C073-B603-4AA9-AD3B-E1455782A5A3}.Debug|Any CPU.ActiveCfg = Debug|Any CPU
		{4BF8C073-B603-4AA9-AD3B-E1455782A5A3}.Debug|Any CPU.Build.0 = Debug|Any CPU
		{4BF8C073-B603-4AA9-AD3B-E1455782A5A3}.Release|Any CPU.ActiveCfg = Release|Any CPU
		{4BF8C073-B603-4AA9-AD3B-E1455782A5A3}.Release|Any CPU.Build.0 = Release|Any CPU
	EndGlobalSection
	GlobalSection(SolutionProperties) = preSolution
		HideSolutionNode = FALSE
	EndGlobalSection
	GlobalSection(ExtensibilityGlobals) = postSolution
		SolutionGuid = {A7734CAB-7671-47B8-A2CB-EFE87134E155}
	EndGlobalSection
EndGlobal
